
Microsoft Visual Studio Solution File, Format Version 12.00
# Visual Studio Version 17
VisualStudioVersion = 17.8.34330.188
MinimumVisualStudioVersion = 10.0.40219.1
Project("{FAE04EC0-301F-11D3-BF4B-00C04F79EFBC}") = "IfElseinCSharp", "IfElseinCSharp\IfElseinCSharp.csproj", "{79D9C1DD-E920-48FB-8BC1-F0999C80D515}"
EndProject
Global
	GlobalSection(SolutionConfigurationPlatforms) = preSolution
		Debug|Any CPU = Debug|Any CPU
		Release|Any CPU = Release|Any CPU
	EndGlobalSection
	GlobalSection(ProjectConfigurationPlatforms) = postSolution
		{79D9C1DD-E920-48FB-8BC1-F0999C80D515}.Debug|Any CPU.ActiveCfg = Debug|Any CPU
		{79D9C1DD-E920-48FB-8BC1-F0999C80D515}.Debug|Any CPU.Build.0 = Debug|Any CPU
		{79D9C1DD-E920-48FB-8BC1-F0999C80D515}.Release|Any CPU.ActiveCfg = Release|Any CPU
		{79D9C1DD-E920-48FB-8BC1-F0999C80D515}.Release|Any CPU.Build.0 = Release|Any CPU
	EndGlobalSection
	GlobalSection(SolutionProperties) = preSolution
		HideSolutionNode = FALSE
	EndGlobalSection
	GlobalSection(ExtensibilityGlobals) = postSolution
		SolutionGuid = {435101B9-7D3B-453F-8190-2A8FB4D48337}
	EndGlobalSection
EndGlobal
